// !$*UTF8*$!
{
	archiveVersion = 1;
	classes = {
	};
	objectVersion = 77;
	objects = {

/* Begin PBXBuildFile section */
		8F70CD082E69A8AC00023670 /* ZIPFoundation in Frameworks */ = {isa = PBXBuildFile; productRef = 8F70CD072E69A8AC00023670 /* ZIPFoundation */; };
/* End PBXBuildFile section */

/* Begin PBXContainerItemProxy section */
		8F104D402E68E84A00EB3B84 /* PBXContainerItemProxy */ = {
			isa = PBXContainerItemProxy;
			containerPortal = 8F104D282E68E84800EB3B84 /* Project object */;
			proxyType = 1;
			remoteGlobalIDString = 8F104D2F2E68E84800EB3B84;
			remoteInfo = Momiji;
		};
		8F104D4A2E68E84A00EB3B84 /* PBXContainerItemProxy */ = {
			isa = PBXContainerItemProxy;
			containerPortal = 8F104D282E68E84800EB3B84 /* Project object */;
			proxyType = 1;
			remoteGlobalIDString = 8F104D2F2E68E84800EB3B84;
			remoteInfo = Momiji;
		};
/* End PBXContainerItemProxy section */

/* Begin PBXFileReference section */
		8F104D302E68E84800EB3B84 /* Momiji.app */ = {isa = PBXFileReference; explicitFileType = wrapper.application; includeInIndex = 0; path = Momiji.app; sourceTree = BUILT_PRODUCTS_DIR; };
		8F104D3F2E68E84A00EB3B84 /* MomijiTests.xctest */ = {isa = PBXFileReference; explicitFileType = wrapper.cfbundle; includeInIndex = 0; path = MomijiTests.xctest; sourceTree = BUILT_PRODUCTS_DIR; };
		8F104D492E68E84A00EB3B84 /* MomijiUITests.xctest */ = {isa = PBXFileReference; explicitFileType = wrapper.cfbundle; includeInIndex = 0; path = MomijiUITests.xctest; sourceTree = BUILT_PRODUCTS_DIR; };
		8F70CD152E69BA1000023670 /* MomijiCore.xcframework */ = {isa = PBXFileReference; lastKnownFileType = wrapper.xcframework; name = MomijiCore.xcframework; path = /Users/lennartk/Documents/momiji/rustcore/MomijiCore.xcframework; sourceTree = "<absolute>"; };
/* End PBXFileReference section */

/* Begin PBXFileSystemSynchronizedRootGroup section */
		8F104D322E68E84800EB3B84 /* Momiji */ = {
			isa = PBXFileSystemSynchronizedRootGroup;
			path = Momiji;
			sourceTree = "<group>";
		};
		8F104D422E68E84A00EB3B84 /* MomijiTests */ = {
			isa = PBXFileSystemSynchronizedRootGroup;
			path = MomijiTests;
			sourceTree = "<group>";
		};
		8F104D4C2E68E84A00EB3B84 /* MomijiUITests */ = {
			isa = PBXFileSystemSynchronizedRootGroup;
			path = MomijiUITests;
			sourceTree = "<group>";
		};
/* End PBXFileSystemSynchronizedRootGroup section */

/* Begin PBXFrameworksBuildPhase section */
		8F104D2D2E68E84800EB3B84 /* Frameworks */ = {
			isa = PBXFrameworksBuildPhase;
			buildActionMask = 2147483647;
			files = (
				8F70CD082E69A8AC00023670 /* ZIPFoundation in Frameworks */,
			);
			runOnlyForDeploymentPostprocessing = 0;
		};
		8F104D3C2E68E84A00EB3B84 /* Frameworks */ = {
			isa = PBXFrameworksBuildPhase;
			buildActionMask = 2147483647;
			files = (
			);
			runOnlyForDeploymentPostprocessing = 0;
		};
		8F104D462E68E84A00EB3B84 /* Frameworks */ = {
			isa = PBXFrameworksBuildPhase;
			buildActionMask = 2147483647;
			files = (
			);
			runOnlyForDeploymentPostprocessing = 0;
		};
/* End PBXFrameworksBuildPhase section */

/* Begin PBXGroup section */
		8F104D272E68E84800EB3B84 = {
			isa = PBXGroup;
			children = (
				8F104D322E68E84800EB3B84 /* Momiji */,
				8F104D422E68E84A00EB3B84 /* MomijiTests */,
				8F104D4C2E68E84A00EB3B84 /* MomijiUITests */,
				8F70CD062E69A8AC00023670 /* Frameworks */,
				8F104D312E68E84800EB3B84 /* Products */,
			);
			sourceTree = "<group>";
		};
		8F104D312E68E84800EB3B84 /* Products */ = {
			isa = PBXGroup;
			children = (
				8F104D302E68E84800EB3B84 /* Momiji.app */,
				8F104D3F2E68E84A00EB3B84 /* MomijiTests.xctest */,
				8F104D492E68E84A00EB3B84 /* MomijiUITests.xctest */,
			);
			name = Products;
			sourceTree = "<group>";
		};
		8F70CD062E69A8AC00023670 /* Frameworks */ = {
			isa = PBXGroup;
			children = (
				8F70CD152E69BA1000023670 /* MomijiCore.xcframework */,
			);
			name = Frameworks;
			sourceTree = "<group>";
		};
/* End PBXGroup section */

/* Begin PBXNativeTarget section */
		8F104D2F2E68E84800EB3B84 /* Momiji */ = {
			isa = PBXNativeTarget;
			buildConfigurationList = 8F104D532E68E84A00EB3B84 /* Build configuration list for PBXNativeTarget "Momiji" */;
			buildPhases = (
				8F104D2C2E68E84800EB3B84 /* Sources */,
				8F104D2D2E68E84800EB3B84 /* Frameworks */,
				8F104D2E2E68E84800EB3B84 /* Resources */,
			);
			buildRules = (
			);
			dependencies = (
			);
			fileSystemSynchronizedGroups = (
				8F104D322E68E84800EB3B84 /* Momiji */,
			);
			name = Momiji;
			packageProductDependencies = (
				8F70CD072E69A8AC00023670 /* ZIPFoundation */,
			);
			productName = Momiji;
			productReference = 8F104D302E68E84800EB3B84 /* Momiji.app */;
			productType = "com.apple.product-type.application";
		};
		8F104D3E2E68E84A00EB3B84 /* MomijiTests */ = {
			isa = PBXNativeTarget;
			buildConfigurationList = 8F104D562E68E84A00EB3B84 /* Build configuration list for PBXNativeTarget "MomijiTests" */;
			buildPhases = (
				8F104D3B2E68E84A00EB3B84 /* Sources */,
				8F104D3C2E68E84A00EB3B84 /* Frameworks */,
				8F104D3D2E68E84A00EB3B84 /* Resources */,
			);
			buildRules = (
			);
			dependencies = (
				8F104D412E68E84A00EB3B84 /* PBXTargetDependency */,
			);
			fileSystemSynchronizedGroups = (
				8F104D422E68E84A00EB3B84 /* MomijiTests */,
			);
			name = MomijiTests;
			packageProductDependencies = (
			);
			productName = MomijiTests;
			productReference = 8F104D3F2E68E84A00EB3B84 /* MomijiTests.xctest */;
			productType = "com.apple.product-type.bundle.unit-test";
		};
		8F104D482E68E84A00EB3B84 /* MomijiUITests */ = {
			isa = PBXNativeTarget;
			buildConfigurationList = 8F104D592E68E84A00EB3B84 /* Build configuration list for PBXNativeTarget "MomijiUITests" */;
			buildPhases = (
				8F104D452E68E84A00EB3B84 /* Sources */,
				8F104D462E68E84A00EB3B84 /* Frameworks */,
				8F104D472E68E84A00EB3B84 /* Resources */,
			);
			buildRules = (
			);
			dependencies = (
				8F104D4B2E68E84A00EB3B84 /* PBXTargetDependency */,
			);
			fileSystemSynchronizedGroups = (
				8F104D4C2E68E84A00EB3B84 /* MomijiUITests */,
			);
			name = MomijiUITests;
			packageProductDependencies = (
			);
			productName = MomijiUITests;
			productReference = 8F104D492E68E84A00EB3B84 /* MomijiUITests.xctest */;
			productType = "com.apple.product-type.bundle.ui-testing";
		};
/* End PBXNativeTarget section */

/* Begin PBXProject section */
		8F104D282E68E84800EB3B84 /* Project object */ = {
			isa = PBXProject;
			attributes = {
				BuildIndependentTargetsInParallel = 1;
				LastSwiftUpdateCheck = 2600;
				LastUpgradeCheck = 2600;
				TargetAttributes = {
					8F104D2F2E68E84800EB3B84 = {
						CreatedOnToolsVersion = 26.0;
					};
					8F104D3E2E68E84A00EB3B84 = {
						CreatedOnToolsVersion = 26.0;
						TestTargetID = 8F104D2F2E68E84800EB3B84;
					};
					8F104D482E68E84A00EB3B84 = {
						CreatedOnToolsVersion = 26.0;
						TestTargetID = 8F104D2F2E68E84800EB3B84;
					};
				};
			};
			buildConfigurationList = 8F104D2B2E68E84800EB3B84 /* Build configuration list for PBXProject "Momiji" */;
			developmentRegion = en;
			hasScannedForEncodings = 0;
			knownRegions = (
				en,
				Base,
			);
			mainGroup = 8F104D272E68E84800EB3B84;
			minimizedProjectReferenceProxies = 1;
			packageReferences = (
				8F70CD022E69A85C00023670 /* XCRemoteSwiftPackageReference "ZIPFoundation" */,
			);
			preferredProjectObjectVersion = 77;
			productRefGroup = 8F104D312E68E84800EB3B84 /* Products */;
			projectDirPath = "";
			projectRoot = "";
			targets = (
				8F104D2F2E68E84800EB3B84 /* Momiji */,
				8F104D3E2E68E84A00EB3B84 /* MomijiTests */,
				8F104D482E68E84A00EB3B84 /* MomijiUITests */,
			);
		};
/* End PBXProject section */

/* Begin PBXResourcesBuildPhase section */
		8F104D2E2E68E84800EB3B84 /* Resources */ = {
			isa = PBXResourcesBuildPhase;
			buildActionMask = 2147483647;
			files = (
			);
			runOnlyForDeploymentPostprocessing = 0;
		};
		8F104D3D2E68E84A00EB3B84 /* Resources */ = {
			isa = PBXResourcesBuildPhase;
			buildActionMask = 2147483647;
			files = (
			);
			runOnlyForDeploymentPostprocessing = 0;
		};
		8F104D472E68E84A00EB3B84 /* Resources */ = {
			isa = PBXResourcesBuildPhase;
			buildActionMask = 2147483647;
			files = (
			);
			runOnlyForDeploymentPostprocessing = 0;
		};
/* End PBXResourcesBuildPhase section */

/* Begin PBXSourcesBuildPhase section */
		8F104D2C2E68E84800EB3B84 /* Sources */ = {
			isa = PBXSourcesBuildPhase;
			buildActionMask = 2147483647;
			files = (
			);
			runOnlyForDeploymentPostprocessing = 0;
		};
		8F104D3B2E68E84A00EB3B84 /* Sources */ = {
			isa = PBXSourcesBuildPhase;
			buildActionMask = 2147483647;
			files = (
			);
			runOnlyForDeploymentPostprocessing = 0;
		};
		8F104D452E68E84A00EB3B84 /* Sources */ = {
			isa = PBXSourcesBuildPhase;
			buildActionMask = 2147483647;
			files = (
			);
			runOnlyForDeploymentPostprocessing = 0;
		};
/* End PBXSourcesBuildPhase section */

/* Begin PBXTargetDependency section */
		8F104D412E68E84A00EB3B84 /* PBXTargetDependency */ = {
			isa = PBXTargetDependency;
			target = 8F104D2F2E68E84800EB3B84 /* Momiji */;
			targetProxy = 8F104D402E68E84A00EB3B84 /* PBXContainerItemProxy */;
		};
		8F104D4B2E68E84A00EB3B84 /* PBXTargetDependency */ = {
			isa = PBXTargetDependency;
			target = 8F104D2F2E68E84800EB3B84 /* Momiji */;
			targetProxy = 8F104D4A2E68E84A00EB3B84 /* PBXContainerItemProxy */;
		};
/* End PBXTargetDependency section */

/* Begin XCBuildConfiguration section */
		8F104D512E68E84A00EB3B84 /* Debug */ = {
			isa = XCBuildConfiguration;
			buildSettings = {
				ALWAYS_SEARCH_USER_PATHS = NO;
				ASSETCATALOG_COMPILER_GENERATE_SWIFT_ASSET_SYMBOL_EXTENSIONS = YES;
				CLANG_ANALYZER_NONNULL = YES;
				CLANG_ANALYZER_NUMBER_OBJECT_CONVERSION = YES_AGGRESSIVE;
				CLANG_CXX_LANGUAGE_STANDARD = "gnu++20";
				CLANG_ENABLE_MODULES = YES;
				CLANG_ENABLE_OBJC_ARC = YES;
				CLANG_ENABLE_OBJC_WEAK = YES;
				CLANG_WARN_BLOCK_CAPTURE_AUTORELEASING = YES;
				CLANG_WARN_BOOL_CONVERSION = YES;
				CLANG_WARN_COMMA = YES;
				CLANG_WARN_CONSTANT_CONVERSION = YES;
				CLANG_WARN_DEPRECATED_OBJC_IMPLEMENTATIONS = YES;
				CLANG_WARN_DIRECT_OBJC_ISA_USAGE = YES_ERROR;
				CLANG_WARN_DOCUMENTATION_COMMENTS = YES;
				CLANG_WARN_EMPTY_BODY = YES;
				CLANG_WARN_ENUM_CONVERSION = YES;
				CLANG_WARN_INFINITE_RECURSION = YES;
				CLANG_WARN_INT_CONVERSION = YES;
				CLANG_WARN_NON_LITERAL_NULL_CONVERSION = YES;
				CLANG_WARN_OBJC_IMPLICIT_RETAIN_SELF = YES;
				CLANG_WARN_OBJC_LITERAL_CONVERSION = YES;
				CLANG_WARN_OBJC_ROOT_CLASS = YES_ERROR;
				CLANG_WARN_QUOTED_INCLUDE_IN_FRAMEWORK_HEADER = YES;
				CLANG_WARN_RANGE_LOOP_ANALYSIS = YES;
				CLANG_WARN_STRICT_PROTOTYPES = YES;
				CLANG_WARN_SUSPICIOUS_MOVE = YES;
				CLANG_WARN_UNGUARDED_AVAILABILITY = YES_AGGRESSIVE;
				CLANG_WARN_UNREACHABLE_CODE = YES;
				CLANG_WARN__DUPLICATE_METHOD_MATCH = YES;
				COPY_PHASE_STRIP = NO;
				DEBUG_INFORMATION_FORMAT = dwarf;
				DEVELOPMENT_TEAM = C8W23KG626;
				ENABLE_STRICT_OBJC_MSGSEND = YES;
				ENABLE_TESTABILITY = YES;
				ENABLE_USER_SCRIPT_SANDBOXING = YES;
				GCC_C_LANGUAGE_STANDARD = gnu17;
				GCC_DYNAMIC_NO_PIC = NO;
				GCC_NO_COMMON_BLOCKS = YES;
				GCC_OPTIMIZATION_LEVEL = 0;
				GCC_PREPROCESSOR_DEFINITIONS = (
					"DEBUG=1",
					"$(inherited)",
				);
				GCC_WARN_64_TO_32_BIT_CONVERSION = YES;
				GCC_WARN_ABOUT_RETURN_TYPE = YES_ERROR;
				GCC_WARN_UNDECLARED_SELECTOR = YES;
				GCC_WARN_UNINITIALIZED_AUTOS = YES_AGGRESSIVE;
				GCC_WARN_UNUSED_FUNCTION = YES;
				GCC_WARN_UNUSED_VARIABLE = YES;
				IPHONEOS_DEPLOYMENT_TARGET = 26.0;
				LOCALIZATION_PREFERS_STRING_CATALOGS = YES;
				MTL_ENABLE_DEBUG_INFO = INCLUDE_SOURCE;
				MTL_FAST_MATH = YES;
				ONLY_ACTIVE_ARCH = YES;
				SDKROOT = iphoneos;
				SWIFT_ACTIVE_COMPILATION_CONDITIONS = "DEBUG $(inherited)";
				SWIFT_OPTIMIZATION_LEVEL = "-Onone";
			};
			name = Debug;
		};
		8F104D522E68E84A00EB3B84 /* Release */ = {
			isa = XCBuildConfiguration;
			buildSettings = {
				ALWAYS_SEARCH_USER_PATHS = NO;
				ASSETCATALOG_COMPILER_GENERATE_SWIFT_ASSET_SYMBOL_EXTENSIONS = YES;
				CLANG_ANALYZER_NONNULL = YES;
				CLANG_ANALYZER_NUMBER_OBJECT_CONVERSION = YES_AGGRESSIVE;
				CLANG_CXX_LANGUAGE_STANDARD = "gnu++20";
				CLANG_ENABLE_MODULES = YES;
				CLANG_ENABLE_OBJC_ARC = YES;
				CLANG_ENABLE_OBJC_WEAK = YES;
				CLANG_WARN_BLOCK_CAPTURE_AUTORELEASING = YES;
				CLANG_WARN_BOOL_CONVERSION = YES;
				CLANG_WARN_COMMA = YES;
				CLANG_WARN_CONSTANT_CONVERSION = YES;
				CLANG_WARN_DEPRECATED_OBJC_IMPLEMENTATIONS = YES;
				CLANG_WARN_DIRECT_OBJC_ISA_USAGE = YES_ERROR;
				CLANG_WARN_DOCUMENTATION_COMMENTS = YES;
				CLANG_WARN_EMPTY_BODY = YES;
				CLANG_WARN_ENUM_CONVERSION = YES;
				CLANG_WARN_INFINITE_RECURSION = YES;
				CLANG_WARN_INT_CONVERSION = YES;
				CLANG_WARN_NON_LITERAL_NULL_CONVERSION = YES;
				CLANG_WARN_OBJC_IMPLICIT_RETAIN_SELF = YES;
				CLANG_WARN_OBJC_LITERAL_CONVERSION = YES;
				CLANG_WARN_OBJC_ROOT_CLASS = YES_ERROR;
				CLANG_WARN_QUOTED_INCLUDE_IN_FRAMEWORK_HEADER = YES;
				CLANG_WARN_RANGE_LOOP_ANALYSIS = YES;
				CLANG_WARN_STRICT_PROTOTYPES = YES;
				CLANG_WARN_SUSPICIOUS_MOVE = YES;
				CLANG_WARN_UNGUARDED_AVAILABILITY = YES_AGGRESSIVE;
				CLANG_WARN_UNREACHABLE_CODE = YES;
				CLANG_WARN__DUPLICATE_METHOD_MATCH = YES;
				COPY_PHASE_STRIP = NO;
				DEBUG_INFORMATION_FORMAT = "dwarf-with-dsym";
				DEVELOPMENT_TEAM = C8W23KG626;
				ENABLE_NS_ASSERTIONS = NO;
				ENABLE_STRICT_OBJC_MSGSEND = YES;
				ENABLE_USER_SCRIPT_SANDBOXING = YES;
				GCC_C_LANGUAGE_STANDARD = gnu17;
				GCC_NO_COMMON_BLOCKS = YES;
				GCC_WARN_64_TO_32_BIT_CONVERSION = YES;
				GCC_WARN_ABOUT_RETURN_TYPE = YES_ERROR;
				GCC_WARN_UNDECLARED_SELECTOR = YES;
				GCC_WARN_UNINITIALIZED_AUTOS = YES_AGGRESSIVE;
				GCC_WARN_UNUSED_FUNCTION = YES;
				GCC_WARN_UNUSED_VARIABLE = YES;
				IPHONEOS_DEPLOYMENT_TARGET = 26.0;
				LOCALIZATION_PREFERS_STRING_CATALOGS = YES;
				MTL_ENABLE_DEBUG_INFO = NO;
				MTL_FAST_MATH = YES;
				SDKROOT = iphoneos;
				SWIFT_COMPILATION_MODE = wholemodule;
				VALIDATE_PRODUCT = YES;
			};
			name = Release;
		};
		8F104D542E68E84A00EB3B84 /* Debug */ = {
			isa = XCBuildConfiguration;
			buildSettings = {
				ASSETCATALOG_COMPILER_APPICON_NAME = AppIcon;
				ASSETCATALOG_COMPILER_GLOBAL_ACCENT_COLOR_NAME = AccentColor;
				CODE_SIGN_STYLE = Automatic;
				CURRENT_PROJECT_VERSION = 1;
				DEVELOPMENT_TEAM = C8W23KG626;
				ENABLE_PREVIEWS = YES;
				GENERATE_INFOPLIST_FILE = YES;
				INFOPLIST_KEY_UIApplicationSceneManifest_Generation = YES;
				INFOPLIST_KEY_UIApplicationSupportsIndirectInputEvents = YES;
				INFOPLIST_KEY_UILaunchScreen_Generation = YES;
				INFOPLIST_KEY_UISupportedInterfaceOrientations_iPad = "UIInterfaceOrientationPortrait UIInterfaceOrientationPortraitUpsideDown UIInterfaceOrientationLandscapeLeft UIInterfaceOrientationLandscapeRight";
				INFOPLIST_KEY_UISupportedInterfaceOrientations_iPhone = "UIInterfaceOrientationPortrait UIInterfaceOrientationLandscapeLeft UIInterfaceOrientationLandscapeRight";
				IPHONEOS_DEPLOYMENT_TARGET = 17.6;
				LD_RUNPATH_SEARCH_PATHS = (
					"$(inherited)",
					"@executable_path/Frameworks",
				);
				MARKETING_VERSION = 1.0;
				PRODUCT_BUNDLE_IDENTIFIER = dev.reaven.momiji;
				PRODUCT_NAME = "$(TARGET_NAME)";
				STRING_CATALOG_GENERATE_SYMBOLS = YES;
				SWIFT_APPROACHABLE_CONCURRENCY = YES;
				SWIFT_DEFAULT_ACTOR_ISOLATION = MainActor;
				SWIFT_EMIT_LOC_STRINGS = YES;
				SWIFT_UPCOMING_FEATURE_MEMBER_IMPORT_VISIBILITY = YES;
				SWIFT_VERSION = 5.0;
				TARGETED_DEVICE_FAMILY = "1,2";
			};
			name = Debug;
		};
		8F104D552E68E84A00EB3B84 /* Release */ = {
			isa = XCBuildConfiguration;
			buildSettings = {
				ASSETCATALOG_COMPILER_APPICON_NAME = AppIcon;
				ASSETCATALOG_COMPILER_GLOBAL_ACCENT_COLOR_NAME = AccentColor;
				CODE_SIGN_STYLE = Automatic;
				CURRENT_PROJECT_VERSION = 1;
				DEVELOPMENT_TEAM = C8W23KG626;
				ENABLE_PREVIEWS = YES;
				GENERATE_INFOPLIST_FILE = YES;
				INFOPLIST_KEY_UIApplicationSceneManifest_Generation = YES;
				INFOPLIST_KEY_UIApplicationSupportsIndirectInputEvents = YES;
				INFOPLIST_KEY_UILaunchScreen_Generation = YES;
				INFOPLIST_KEY_UISupportedInterfaceOrientations_iPad = "UIInterfaceOrientationPortrait UIInterfaceOrientationPortraitUpsideDown UIInterfaceOrientationLandscapeLeft UIInterfaceOrientationLandscapeRight";
				INFOPLIST_KEY_UISupportedInterfaceOrientations_iPhone = "UIInterfaceOrientationPortrait UIInterfaceOrientationLandscapeLeft UIInterfaceOrientationLandscapeRight";
				IPHONEOS_DEPLOYMENT_TARGET = 17.6;
				LD_RUNPATH_SEARCH_PATHS = (
					"$(inherited)",
					"@executable_path/Frameworks",
				);
				MARKETING_VERSION = 1.0;
				PRODUCT_BUNDLE_IDENTIFIER = dev.reaven.momiji;
				PRODUCT_NAME = "$(TARGET_NAME)";
				STRING_CATALOG_GENERATE_SYMBOLS = YES;
				SWIFT_APPROACHABLE_CONCURRENCY = YES;
				SWIFT_DEFAULT_ACTOR_ISOLATION = MainActor;
				SWIFT_EMIT_LOC_STRINGS = YES;
				SWIFT_UPCOMING_FEATURE_MEMBER_IMPORT_VISIBILITY = YES;
				SWIFT_VERSION = 5.0;
				TARGETED_DEVICE_FAMILY = "1,2";
			};
			name = Release;
		};
		8F104D572E68E84A00EB3B84 /* Debug */ = {
			isa = XCBuildConfiguration;
			buildSettings = {
				BUNDLE_LOADER = "$(TEST_HOST)";
				CODE_SIGN_STYLE = Automatic;
				CURRENT_PROJECT_VERSION = 1;
				DEVELOPMENT_TEAM = C8W23KG626;
				GENERATE_INFOPLIST_FILE = YES;
				IPHONEOS_DEPLOYMENT_TARGET = 26.0;
				MARKETING_VERSION = 1.0;
				PRODUCT_BUNDLE_IDENTIFIER = Reaven.MomijiTests;
				PRODUCT_NAME = "$(TARGET_NAME)";
				STRING_CATALOG_GENERATE_SYMBOLS = NO;
				SWIFT_APPROACHABLE_CONCURRENCY = YES;
				SWIFT_EMIT_LOC_STRINGS = NO;
				SWIFT_UPCOMING_FEATURE_MEMBER_IMPORT_VISIBILITY = YES;
				SWIFT_VERSION = 5.0;
				TARGETED_DEVICE_FAMILY = "1,2";
				TEST_HOST = "$(BUILT_PRODUCTS_DIR)/Momiji.app/$(BUNDLE_EXECUTABLE_FOLDER_PATH)/Momiji";
			};
			name = Debug;
		};
		8F104D582E68E84A00EB3B84 /* Release */ = {
			isa = XCBuildConfiguration;
			buildSettings = {
				BUNDLE_LOADER = "$(TEST_HOST)";
				CODE_SIGN_STYLE = Automatic;
				CURRENT_PROJECT_VERSION = 1;
				DEVELOPMENT_TEAM = C8W23KG626;
				GENERATE_INFOPLIST_FILE = YES;
				IPHONEOS_DEPLOYMENT_TARGET = 26.0;
				MARKETING_VERSION = 1.0;
				PRODUCT_BUNDLE_IDENTIFIER = Reaven.MomijiTests;
				PRODUCT_NAME = "$(TARGET_NAME)";
				STRING_CATALOG_GENERATE_SYMBOLS = NO;
				SWIFT_APPROACHABLE_CONCURRENCY = YES;
				SWIFT_EMIT_LOC_STRINGS = NO;
				SWIFT_UPCOMING_FEATURE_MEMBER_IMPORT_VISIBILITY = YES;
				SWIFT_VERSION = 5.0;
				TARGETED_DEVICE_FAMILY = "1,2";
				TEST_HOST = "$(BUILT_PRODUCTS_DIR)/Momiji.app/$(BUNDLE_EXECUTABLE_FOLDER_PATH)/Momiji";
			};
			name = Release;
		};
		8F104D5A2E68E84A00EB3B84 /* Debug */ = {
			isa = XCBuildConfiguration;
			buildSettings = {
				CODE_SIGN_STYLE = Automatic;
				CURRENT_PROJECT_VERSION = 1;
				DEVELOPMENT_TEAM = C8W23KG626;
				GENERATE_INFOPLIST_FILE = YES;
				MARKETING_VERSION = 1.0;
				PRODUCT_BUNDLE_IDENTIFIER = Reaven.MomijiUITests;
				PRODUCT_NAME = "$(TARGET_NAME)";
				STRING_CATALOG_GENERATE_SYMBOLS = NO;
				SWIFT_APPROACHABLE_CONCURRENCY = YES;
				SWIFT_EMIT_LOC_STRINGS = NO;
				SWIFT_UPCOMING_FEATURE_MEMBER_IMPORT_VISIBILITY = YES;
				SWIFT_VERSION = 5.0;
				TARGETED_DEVICE_FAMILY = "1,2";
				TEST_TARGET_NAME = Momiji;
			};
			name = Debug;
		};
		8F104D5B2E68E84A00EB3B84 /* Release */ = {
			isa = XCBuildConfiguration;
			buildSettings = {
				CODE_SIGN_STYLE = Automatic;
				CURRENT_PROJECT_VERSION = 1;
				DEVELOPMENT_TEAM = C8W23KG626;
				GENERATE_INFOPLIST_FILE = YES;
				MARKETING_VERSION = 1.0;
				PRODUCT_BUNDLE_IDENTIFIER = Reaven.MomijiUITests;
				PRODUCT_NAME = "$(TARGET_NAME)";
				STRING_CATALOG_GENERATE_SYMBOLS = NO;
				SWIFT_APPROACHABLE_CONCURRENCY = YES;
				SWIFT_EMIT_LOC_STRINGS = NO;
				SWIFT_UPCOMING_FEATURE_MEMBER_IMPORT_VISIBILITY = YES;
				SWIFT_VERSION = 5.0;
				TARGETED_DEVICE_FAMILY = "1,2";
				TEST_TARGET_NAME = Momiji;
			};
			name = Release;
		};
/* End XCBuildConfiguration section */

/* Begin XCConfigurationList section */
		8F104D2B2E68E84800EB3B84 /* Build configuration list for PBXProject "Momiji" */ = {
			isa = XCConfigurationList;
			buildConfigurations = (
				8F104D512E68E84A00EB3B84 /* Debug */,
				8F104D522E68E84A00EB3B84 /* Release */,
			);
			defaultConfigurationIsVisible = 0;
			defaultConfigurationName = Release;
		};
		8F104D532E68E84A00EB3B84 /* Build configuration list for PBXNativeTarget "Momiji" */ = {
			isa = XCConfigurationList;
			buildConfigurations = (
				8F104D542E68E84A00EB3B84 /* Debug */,
				8F104D552E68E84A00EB3B84 /* Release */,
			);
			defaultConfigurationIsVisible = 0;
			defaultConfigurationName = Release;
		};
		8F104D562E68E84A00EB3B84 /* Build configuration list for PBXNativeTarget "MomijiTests" */ = {
			isa = XCConfigurationList;
			buildConfigurations = (
				8F104D572E68E84A00EB3B84 /* Debug */,
				8F104D582E68E84A00EB3B84 /* Release */,
			);
			defaultConfigurationIsVisible = 0;
			defaultConfigurationName = Release;
		};
		8F104D592E68E84A00EB3B84 /* Build configuration list for PBXNativeTarget "MomijiUITests" */ = {
			isa = XCConfigurationList;
			buildConfigurations = (
				8F104D5A2E68E84A00EB3B84 /* Debug */,
				8F104D5B2E68E84A00EB3B84 /* Release */,
			);
			defaultConfigurationIsVisible = 0;
			defaultConfigurationName = Release;
		};
/* End XCConfigurationList section */

/* Begin XCRemoteSwiftPackageReference section */
		8F70CD022E69A85C00023670 /* XCRemoteSwiftPackageReference "ZIPFoundation" */ = {
			isa = XCRemoteSwiftPackageReference;
			repositoryURL = "https://github.com/weichsel/ZIPFoundation";
			requirement = {
				kind = upToNextMajorVersion;
				minimumVersion = 0.9.19;
			};
		};
/* End XCRemoteSwiftPackageReference section */

/* Begin XCSwiftPackageProductDependency section */
		8F70CD072E69A8AC00023670 /* ZIPFoundation */ = {
			isa = XCSwiftPackageProductDependency;
			package = 8F70CD022E69A85C00023670 /* XCRemoteSwiftPackageReference "ZIPFoundation" */;
			productName = ZIPFoundation;
		};
/* End XCSwiftPackageProductDependency section */
	};
	rootObject = 8F104D282E68E84800EB3B84 /* Project object */;
}
